
Microsoft Visual Studio Solution File, Format Version 12.00
# Visual Studio Version 16
VisualStudioVersion = 16.0.30114.105
MinimumVisualStudioVersion = 10.0.40219.1
Project("{FAE04EC0-301F-11D3-BF4B-00C04F79EFBC}") = "05-jumper", "05-jumper\05-jumper.csproj", "{BEDC4ED0-8354-41DB-A303-C2FD4CAFD7B7}"
EndProject
Project("{FAE04EC0-301F-11D3-BF4B-00C04F79EFBC}") = "06-mastermind", "06-mastermind\06-mastermind.csproj", "{8ECC825B-B890-4CCE-B09A-B0FD7FB76F7F}"
EndProject
Project("{FAE04EC0-301F-11D3-BF4B-00C04F79EFBC}") = "04-hilo", "04-hilo\04-hilo.csproj", "{E7B75815-F0AB-49B0-9D9E-B8A8194FC506}"
EndProject
Project("{FAE04EC0-301F-11D3-BF4B-00C04F79EFBC}") = "07-speed", "07-speed\07-speed.csproj", "{5BA8DEE8-68D6-4EDD-ABED-01D4BC1FB79E}"
EndProject
Project("{FAE04EC0-301F-11D3-BF4B-00C04F79EFBC}") = "08-batter", "08-batter\08-batter.csproj", "{3939ED8F-0E46-49CB-ABCF-55F58B4E2552}"
EndProject
Project("{FAE04EC0-301F-11D3-BF4B-00C04F79EFBC}") = "final-project", "final-project\final-project.csproj", "{8DD37D2D-AB14-45EF-BDB1-919E1C8E4CEA}"
EndProject
Global
	GlobalSection(SolutionConfigurationPlatforms) = preSolution
		Debug|Any CPU = Debug|Any CPU
		Debug|x64 = Debug|x64
		Debug|x86 = Debug|x86
		Release|Any CPU = Release|Any CPU
		Release|x64 = Release|x64
		Release|x86 = Release|x86
	EndGlobalSection
	GlobalSection(SolutionProperties) = preSolution
		HideSolutionNode = FALSE
	EndGlobalSection
	GlobalSection(ProjectConfigurationPlatforms) = postSolution
		{BEDC4ED0-8354-41DB-A303-C2FD4CAFD7B7}.Debug|Any CPU.ActiveCfg = Debug|Any CPU
		{BEDC4ED0-8354-41DB-A303-C2FD4CAFD7B7}.Debug|Any CPU.Build.0 = Debug|Any CPU
		{BEDC4ED0-8354-41DB-A303-C2FD4CAFD7B7}.Debug|x64.ActiveCfg = Debug|Any CPU
		{BEDC4ED0-8354-41DB-A303-C2FD4CAFD7B7}.Debug|x64.Build.0 = Debug|Any CPU
		{BEDC4ED0-8354-41DB-A303-C2FD4CAFD7B7}.Debug|x86.ActiveCfg = Debug|Any CPU
		{BEDC4ED0-8354-41DB-A303-C2FD4CAFD7B7}.Debug|x86.Build.0 = Debug|Any CPU
		{BEDC4ED0-8354-41DB-A303-C2FD4CAFD7B7}.Release|Any CPU.ActiveCfg = Release|Any CPU
		{BEDC4ED0-8354-41DB-A303-C2FD4CAFD7B7}.Release|Any CPU.Build.0 = Release|Any CPU
		{BEDC4ED0-8354-41DB-A303-C2FD4CAFD7B7}.Release|x64.ActiveCfg = Release|Any CPU
		{BEDC4ED0-8354-41DB-A303-C2FD4CAFD7B7}.Release|x64.Build.0 = Release|Any CPU
		{BEDC4ED0-8354-41DB-A303-C2FD4CAFD7B7}.Release|x86.ActiveCfg = Release|Any CPU
		{BEDC4ED0-8354-41DB-A303-C2FD4CAFD7B7}.Release|x86.Build.0 = Release|Any CPU
		{8ECC825B-B890-4CCE-B09A-B0FD7FB76F7F}.Debug|Any CPU.ActiveCfg = Debug|Any CPU
		{8ECC825B-B890-4CCE-B09A-B0FD7FB76F7F}.Debug|Any CPU.Build.0 = Debug|Any CPU
		{8ECC825B-B890-4CCE-B09A-B0FD7FB76F7F}.Debug|x64.ActiveCfg = Debug|Any CPU
		{8ECC825B-B890-4CCE-B09A-B0FD7FB76F7F}.Debug|x64.Build.0 = Debug|Any CPU
		{8ECC825B-B890-4CCE-B09A-B0FD7FB76F7F}.Debug|x86.ActiveCfg = Debug|Any CPU
		{8ECC825B-B890-4CCE-B09A-B0FD7FB76F7F}.Debug|x86.Build.0 = Debug|Any CPU
		{8ECC825B-B890-4CCE-B09A-B0FD7FB76F7F}.Release|Any CPU.ActiveCfg = Release|Any CPU
		{8ECC825B-B890-4CCE-B09A-B0FD7FB76F7F}.Release|Any CPU.Build.0 = Release|Any CPU
		{8ECC825B-B890-4CCE-B09A-B0FD7FB76F7F}.Release|x64.ActiveCfg = Release|Any CPU
		{8ECC825B-B890-4CCE-B09A-B0FD7FB76F7F}.Release|x64.Build.0 = Release|Any CPU
		{8ECC825B-B890-4CCE-B09A-B0FD7FB76F7F}.Release|x86.ActiveCfg = Release|Any CPU
		{8ECC825B-B890-4CCE-B09A-B0FD7FB76F7F}.Release|x86.Build.0 = Release|Any CPU
		{E7B75815-F0AB-49B0-9D9E-B8A8194FC506}.Debug|Any CPU.ActiveCfg = Debug|Any CPU
		{E7B75815-F0AB-49B0-9D9E-B8A8194FC506}.Debug|Any CPU.Build.0 = Debug|Any CPU
		{E7B75815-F0AB-49B0-9D9E-B8A8194FC506}.Debug|x64.ActiveCfg = Debug|Any CPU
		{E7B75815-F0AB-49B0-9D9E-B8A8194FC506}.Debug|x64.Build.0 = Debug|Any CPU
		{E7B75815-F0AB-49B0-9D9E-B8A8194FC506}.Debug|x86.ActiveCfg = Debug|Any CPU
		{E7B75815-F0AB-49B0-9D9E-B8A8194FC506}.Debug|x86.Build.0 = Debug|Any CPU
		{E7B75815-F0AB-49B0-9D9E-B8A8194FC506}.Release|Any CPU.ActiveCfg = Release|Any CPU
		{E7B75815-F0AB-49B0-9D9E-B8A8194FC506}.Release|Any CPU.Build.0 = Release|Any CPU
		{E7B75815-F0AB-49B0-9D9E-B8A8194FC506}.Release|x64.ActiveCfg = Release|Any CPU
		{E7B75815-F0AB-49B0-9D9E-B8A8194FC506}.Release|x64.Build.0 = Release|Any CPU
		{E7B75815-F0AB-49B0-9D9E-B8A8194FC506}.Release|x86.ActiveCfg = Release|Any CPU
		{E7B75815-F0AB-49B0-9D9E-B8A8194FC506}.Release|x86.Build.0 = Release|Any CPU
		{5BA8DEE8-68D6-4EDD-ABED-01D4BC1FB79E}.Debug|Any CPU.ActiveCfg = Debug|Any CPU
		{5BA8DEE8-68D6-4EDD-ABED-01D4BC1FB79E}.Debug|Any CPU.Build.0 = Debug|Any CPU
		{5BA8DEE8-68D6-4EDD-ABED-01D4BC1FB79E}.Debug|x64.ActiveCfg = Debug|Any CPU
		{5BA8DEE8-68D6-4EDD-ABED-01D4BC1FB79E}.Debug|x64.Build.0 = Debug|Any CPU
		{5BA8DEE8-68D6-4EDD-ABED-01D4BC1FB79E}.Debug|x86.ActiveCfg = Debug|Any CPU
		{5BA8DEE8-68D6-4EDD-ABED-01D4BC1FB79E}.Debug|x86.Build.0 = Debug|Any CPU
		{5BA8DEE8-68D6-4EDD-ABED-01D4BC1FB79E}.Release|Any CPU.ActiveCfg = Release|Any CPU
		{5BA8DEE8-68D6-4EDD-ABED-01D4BC1FB79E}.Release|Any CPU.Build.0 = Release|Any CPU
		{5BA8DEE8-68D6-4EDD-ABED-01D4BC1FB79E}.Release|x64.ActiveCfg = Release|Any CPU
		{5BA8DEE8-68D6-4EDD-ABED-01D4BC1FB79E}.Release|x64.Build.0 = Release|Any CPU
		{5BA8DEE8-68D6-4EDD-ABED-01D4BC1FB79E}.Release|x86.ActiveCfg = Release|Any CPU
		{5BA8DEE8-68D6-4EDD-ABED-01D4BC1FB79E}.Release|x86.Build.0 = Release|Any CPU
		{3939ED8F-0E46-49CB-ABCF-55F58B4E2552}.Debug|Any CPU.ActiveCfg = Debug|Any CPU
		{3939ED8F-0E46-49CB-ABCF-55F58B4E2552}.Debug|Any CPU.Build.0 = Debug|Any CPU
		{3939ED8F-0E46-49CB-ABCF-55F58B4E2552}.Debug|x64.ActiveCfg = Debug|Any CPU
		{3939ED8F-0E46-49CB-ABCF-55F58B4E2552}.Debug|x64.Build.0 = Debug|Any CPU
		{3939ED8F-0E46-49CB-ABCF-55F58B4E2552}.Debug|x86.ActiveCfg = Debug|Any CPU
		{3939ED8F-0E46-49CB-ABCF-55F58B4E2552}.Debug|x86.Build.0 = Debug|Any CPU
		{3939ED8F-0E46-49CB-ABCF-55F58B4E2552}.Release|Any CPU.ActiveCfg = Release|Any CPU
		{3939ED8F-0E46-49CB-ABCF-55F58B4E2552}.Release|Any CPU.Build.0 = Release|Any CPU
		{3939ED8F-0E46-49CB-ABCF-55F58B4E2552}.Release|x64.ActiveCfg = Release|Any CPU
		{3939ED8F-0E46-49CB-ABCF-55F58B4E2552}.Release|x64.Build.0 = Release|Any CPU
		{3939ED8F-0E46-49CB-ABCF-55F58B4E2552}.Release|x86.ActiveCfg = Release|Any CPU
		{3939ED8F-0E46-49CB-ABCF-55F58B4E2552}.Release|x86.Build.0 = Release|Any CPU
		{8DD37D2D-AB14-45EF-BDB1-919E1C8E4CEA}.Debug|Any CPU.ActiveCfg = Debug|Any CPU
		{8DD37D2D-AB14-45EF-BDB1-919E1C8E4CEA}.Debug|Any CPU.Build.0 = Debug|Any CPU
		{8DD37D2D-AB14-45EF-BDB1-919E1C8E4CEA}.Debug|x64.ActiveCfg = Debug|Any CPU
		{8DD37D2D-AB14-45EF-BDB1-919E1C8E4CEA}.Debug|x64.Build.0 = Debug|Any CPU
		{8DD37D2D-AB14-45EF-BDB1-919E1C8E4CEA}.Debug|x86.ActiveCfg = Debug|Any CPU
		{8DD37D2D-AB14-45EF-BDB1-919E1C8E4CEA}.Debug|x86.Build.0 = Debug|Any CPU
		{8DD37D2D-AB14-45EF-BDB1-919E1C8E4CEA}.Release|Any CPU.ActiveCfg = Release|Any CPU
		{8DD37D2D-AB14-45EF-BDB1-919E1C8E4CEA}.Release|Any CPU.Build.0 = Release|Any CPU
		{8DD37D2D-AB14-45EF-BDB1-919E1C8E4CEA}.Release|x64.ActiveCfg = Release|Any CPU
		{8DD37D2D-AB14-45EF-BDB1-919E1C8E4CEA}.Release|x64.Build.0 = Release|Any CPU
		{8DD37D2D-AB14-45EF-BDB1-919E1C8E4CEA}.Release|x86.ActiveCfg = Release|Any CPU
		{8DD37D2D-AB14-45EF-BDB1-919E1C8E4CEA}.Release|x86.Build.0 = Release|Any CPU
	EndGlobalSection
EndGlobal
